github.com/kodxxl/modforimport v1.2.1 h1:IWr81CBA87zsm11LBuiUS4azfYiu/SJwrs2UVBcV3UI=
github.com/kodxxl/modforimport v1.2.1/go.mod h1:s/74bg1OHXc9g9sW9O2FlfPYWa5ByJL2AEZA5XYktYs=
github.com/kodxxl/modforimport v1.2.2 h1:BgpghRRa3VO2O7odevFHZXD8WcbhrVpdUUc6WY7NNzI=
github.com/kodxxl/modforimport v1.2.2/go.mod h1:s/74bg1OHXc9g9sW9O2FlfPYWa5ByJL2AEZA5XYktYs=
github.com/kodxxl/modforimport v1.2.3-0.20241010052350-e4e4ca2d6666 h1:ojTzlmIkDXfpGETwLD9LEkPdDd2EZXpNugPnMjW31yg=
github.com/kodxxl/modforimport v1.2.3-0.20241010052350-e4e4ca2d6666/go.mod h1:s/74bg1OHXc9g9sW9O2FlfPYWa5ByJL2AEZA5XYktYs=
github.com/kodxxl/modforimport v1.2.4 h1:5rg7c+eW9CYOcEWGGyIG2EktySdIvnjsVP8w1RCRGVA=
github.com/kodxxl/modforimport v1.2.4/go.mod h1:s/74bg1OHXc9g9sW9O2FlfPYWa5ByJL2AEZA5XYktYs=
